github.com/piotrb/go-utils v0.0.0-20201207050855-8e8935e858b6 h1:wefkBiH1Ru0avehsiMyG0Gz6Tr601V+Q4gGc2jKlmPU=
github.com/piotrb/go-utils/utils v0.0.0-20201223191624-e10efffbbf8e h1:vbMlfQfO5z5uBzWceBYMIWFhA5c26mltSoPvz2VA2y4=
github.com/piotrb/go-utils/utils v0.0.0-20201223191624-e10efffbbf8e/go.mod h1:4o8dAileaZYFhT9yBxcBbMqOGe2ZmPqrwmpkW5X+E6E=
